{
  "name": "rightangle",
  "version": "1.0.0",
  "lockfileVersion": 1,
  "requires": true,
  "dependencies": {
    "desandro-matches-selector": {
      "version": "2.0.2",
      "resolved": "https://registry.npmjs.org/desandro-matches-selector/-/desandro-matches-selector-2.0.2.tgz",
      "integrity": "sha1-cXvu1NwT59jzdi9wem1YpndCGOE="
    },
    "ev-emitter": {
      "version": "1.1.1",
      "resolved": "https://registry.npmjs.org/ev-emitter/-/ev-emitter-1.1.1.tgz",
      "integrity": "sha512-ipiDYhdQSCZ4hSbX4rMW+XzNKMD1prg/sTvoVmSLkuQ1MVlwjJQQA+sW8tMYR3BLUr9KjodFV4pvzunvRhd33Q=="
    },
    "fizzy-ui-utils": {
      "version": "2.0.5",
      "resolved": "https://registry.npmjs.org/fizzy-ui-utils/-/fizzy-ui-utils-2.0.5.tgz",
      "integrity": "sha1-1y3rx00snSctvLt7ABcHiX9sMhA=",
      "requires": {
        "desandro-matches-selector": "2.0.2"
      }
    },
    "get-size": {
      "version": "2.0.2",
      "resolved": "https://registry.npmjs.org/get-size/-/get-size-2.0.2.tgz",
      "integrity": "sha1-VV6pirhzLgwCHp4j4iGa3L45jpg="
    },
    "imagesloaded": {
      "version": "4.1.3",
      "resolved": "https://registry.npmjs.org/imagesloaded/-/imagesloaded-4.1.3.tgz",
      "integrity": "sha512-cjwkbOXFgDAuh1kpAwIvWfcUkQF9NXLlzS38L4szgiYeNCFFyNetblG5/OFzo4JweNxuDOk+5AIPlqFVIBIInA==",
      "requires": {
        "ev-emitter": "1.1.1"
      }
    },
    "isotope-layout": {
      "version": "3.0.4",
      "resolved": "https://registry.npmjs.org/isotope-layout/-/isotope-layout-3.0.4.tgz",
      "integrity": "sha1-8+2NFfjPs4ULEXd/HKduCou1tzo=",
      "requires": {
        "desandro-matches-selector": "2.0.2",
        "fizzy-ui-utils": "2.0.5",
        "get-size": "2.0.2",
        "masonry-layout": "4.2.0",
        "outlayer": "2.1.1"
      }
    },
    "masonry-layout": {
      "version": "4.2.0",
      "resolved": "https://registry.npmjs.org/masonry-layout/-/masonry-layout-4.2.0.tgz",
      "integrity": "sha1-Q4Nca24Ncu/ywxoRjIAAzMxKuWU=",
      "requires": {
        "get-size": "2.0.2",
        "outlayer": "2.1.1"
      }
    },
    "normalize.css": {
      "version": "7.0.0",
      "resolved": "https://registry.npmjs.org/normalize.css/-/normalize.css-7.0.0.tgz",
      "integrity": "sha1-q/sd2CRwZ04DIrU86xqvQSk45L8="
    },
    "outlayer": {
      "version": "2.1.1",
      "resolved": "https://registry.npmjs.org/outlayer/-/outlayer-2.1.1.tgz",
      "integrity": "sha1-KYY7beEOpdrf/8rfoNcokHOH6aI=",
      "requires": {
        "ev-emitter": "1.1.1",
        "fizzy-ui-utils": "2.0.5",
        "get-size": "2.0.2"
      }
    },
    "photoswipe": {
      "version": "4.1.2",
      "resolved": "https://registry.npmjs.org/photoswipe/-/photoswipe-4.1.2.tgz",
      "integrity": "sha1-lcIKdc6iO3DWKZZBytguA8rn95c="
    },
    "sticky-js": {
      "version": "1.2.0",
      "resolved": "https://registry.npmjs.org/sticky-js/-/sticky-js-1.2.0.tgz",
      "integrity": "sha1-2lTs4DTMkGZG/KjDa8e19I7sVeI="
    }
  }
}
